
Microsoft Visual Studio Solution File, Format Version 12.00
# Visual Studio Version 16
VisualStudioVersion = 16.0.30717.126
MinimumVisualStudioVersion = 10.0.40219.1
Project("{2150E333-8FDC-42A3-9474-1A3956D46DE8}") = "ShopManagement", "ShopManagement", "{A2A09147-4E03-487F-BFCA-7EF3D5B0D496}"
EndProject
Project("{2150E333-8FDC-42A3-9474-1A3956D46DE8}") = "SM.Domain", "SM.Domain", "{156958E4-5425-49E5-83B3-62A109443F6B}"
EndProject
Project("{9A19103F-16F7-4668-BE54-9A1E7A4F7556}") = "ShopManagement.Domain", "ShopManagment.Domain\ShopManagement.Domain.csproj", "{8FCE5C02-2281-43E6-987C-1023C78E5E80}"
EndProject
Project("{9A19103F-16F7-4668-BE54-9A1E7A4F7556}") = "01_Framework", "0_Framework\01_Framework.csproj", "{B95D542D-1722-4B26-8A39-4974968E9660}"
EndProject
Project("{2150E333-8FDC-42A3-9474-1A3956D46DE8}") = "SM.Application", "SM.Application", "{225342E9-4EA3-492D-8A62-BDDE65BA9638}"
EndProject
Project("{9A19103F-16F7-4668-BE54-9A1E7A4F7556}") = "ShopManagement.Application.Contracts", "ShopManagment.Application.Contracts\ShopManagement.Application.Contracts.csproj", "{1F8DB455-42EA-496E-9C2A-98C89313C921}"
EndProject
Project("{9A19103F-16F7-4668-BE54-9A1E7A4F7556}") = "ShopManagement.Application", "ShopManagement.Application\ShopManagement.Application.csproj", "{82DF7AE8-5F0D-40AE-8AE3-9EB4EE4CF5D2}"
EndProject
Project("{2150E333-8FDC-42A3-9474-1A3956D46DE8}") = "SM.Infrastructure", "SM.Infrastructure", "{08705959-999C-4E1E-9D12-442002B43E2F}"
EndProject
Project("{9A19103F-16F7-4668-BE54-9A1E7A4F7556}") = "Shop.Management.Infrastructure.EFCore", "MS.Infrastructure.EFCore\Shop.Management.Infrastructure.EFCore.csproj", "{EE67428F-6637-485B-9140-0E096F012A35}"
EndProject
Project("{9A19103F-16F7-4668-BE54-9A1E7A4F7556}") = "Shop.Management.Infrastructure.Configure", "SM.Infrastructure.Configure\Shop.Management.Infrastructure.Configure.csproj", "{4E7C8ECA-A196-4C44-AE5E-40E08649AAF4}"
EndProject
Project("{9A19103F-16F7-4668-BE54-9A1E7A4F7556}") = "ServiceHost", "ServiceHost\ServiceHost.csproj", "{F5AC1C1B-003C-46B6-9B48-FD13AC242A4F}"
EndProject
Project("{FAE04EC0-301F-11D3-BF4B-00C04F79EFBC}") = "02_MyShopQuery", "01_MyShopQuery\02_MyShopQuery.csproj", "{174F8F8D-F511-48D3-8025-B3AEAD7D8970}"
EndProject
Global
	GlobalSection(SolutionConfigurationPlatforms) = preSolution
		Debug|Any CPU = Debug|Any CPU
		Release|Any CPU = Release|Any CPU
	EndGlobalSection
	GlobalSection(ProjectConfigurationPlatforms) = postSolution
		{8FCE5C02-2281-43E6-987C-1023C78E5E80}.Debug|Any CPU.ActiveCfg = Debug|Any CPU
		{8FCE5C02-2281-43E6-987C-1023C78E5E80}.Debug|Any CPU.Build.0 = Debug|Any CPU
		{8FCE5C02-2281-43E6-987C-1023C78E5E80}.Release|Any CPU.ActiveCfg = Release|Any CPU
		{8FCE5C02-2281-43E6-987C-1023C78E5E80}.Release|Any CPU.Build.0 = Release|Any CPU
		{B95D542D-1722-4B26-8A39-4974968E9660}.Debug|Any CPU.ActiveCfg = Debug|Any CPU
		{B95D542D-1722-4B26-8A39-4974968E9660}.Debug|Any CPU.Build.0 = Debug|Any CPU
		{B95D542D-1722-4B26-8A39-4974968E9660}.Release|Any CPU.ActiveCfg = Release|Any CPU
		{B95D542D-1722-4B26-8A39-4974968E9660}.Release|Any CPU.Build.0 = Release|Any CPU
		{1F8DB455-42EA-496E-9C2A-98C89313C921}.Debug|Any CPU.ActiveCfg = Debug|Any CPU
		{1F8DB455-42EA-496E-9C2A-98C89313C921}.Debug|Any CPU.Build.0 = Debug|Any CPU
		{1F8DB455-42EA-496E-9C2A-98C89313C921}.Release|Any CPU.ActiveCfg = Release|Any CPU
		{1F8DB455-42EA-496E-9C2A-98C89313C921}.Release|Any CPU.Build.0 = Release|Any CPU
		{82DF7AE8-5F0D-40AE-8AE3-9EB4EE4CF5D2}.Debug|Any CPU.ActiveCfg = Debug|Any CPU
		{82DF7AE8-5F0D-40AE-8AE3-9EB4EE4CF5D2}.Debug|Any CPU.Build.0 = Debug|Any CPU
		{82DF7AE8-5F0D-40AE-8AE3-9EB4EE4CF5D2}.Release|Any CPU.ActiveCfg = Release|Any CPU
		{82DF7AE8-5F0D-40AE-8AE3-9EB4EE4CF5D2}.Release|Any CPU.Build.0 = Release|Any CPU
		{EE67428F-6637-485B-9140-0E096F012A35}.Debug|Any CPU.ActiveCfg = Debug|Any CPU
		{EE67428F-6637-485B-9140-0E096F012A35}.Debug|Any CPU.Build.0 = Debug|Any CPU
		{EE67428F-6637-485B-9140-0E096F012A35}.Release|Any CPU.ActiveCfg = Release|Any CPU
		{EE67428F-6637-485B-9140-0E096F012A35}.Release|Any CPU.Build.0 = Release|Any CPU
		{4E7C8ECA-A196-4C44-AE5E-40E08649AAF4}.Debug|Any CPU.ActiveCfg = Debug|Any CPU
		{4E7C8ECA-A196-4C44-AE5E-40E08649AAF4}.Debug|Any CPU.Build.0 = Debug|Any CPU
		{4E7C8ECA-A196-4C44-AE5E-40E08649AAF4}.Release|Any CPU.ActiveCfg = Release|Any CPU
		{4E7C8ECA-A196-4C44-AE5E-40E08649AAF4}.Release|Any CPU.Build.0 = Release|Any CPU
		{F5AC1C1B-003C-46B6-9B48-FD13AC242A4F}.Debug|Any CPU.ActiveCfg = Debug|Any CPU
		{F5AC1C1B-003C-46B6-9B48-FD13AC242A4F}.Debug|Any CPU.Build.0 = Debug|Any CPU
		{F5AC1C1B-003C-46B6-9B48-FD13AC242A4F}.Release|Any CPU.ActiveCfg = Release|Any CPU
		{F5AC1C1B-003C-46B6-9B48-FD13AC242A4F}.Release|Any CPU.Build.0 = Release|Any CPU
		{174F8F8D-F511-48D3-8025-B3AEAD7D8970}.Debug|Any CPU.ActiveCfg = Debug|Any CPU
		{174F8F8D-F511-48D3-8025-B3AEAD7D8970}.Debug|Any CPU.Build.0 = Debug|Any CPU
		{174F8F8D-F511-48D3-8025-B3AEAD7D8970}.Release|Any CPU.ActiveCfg = Release|Any CPU
		{174F8F8D-F511-48D3-8025-B3AEAD7D8970}.Release|Any CPU.Build.0 = Release|Any CPU
	EndGlobalSection
	GlobalSection(SolutionProperties) = preSolution
		HideSolutionNode = FALSE
	EndGlobalSection
	GlobalSection(NestedProjects) = preSolution
		{156958E4-5425-49E5-83B3-62A109443F6B} = {A2A09147-4E03-487F-BFCA-7EF3D5B0D496}
		{8FCE5C02-2281-43E6-987C-1023C78E5E80} = {156958E4-5425-49E5-83B3-62A109443F6B}
		{B95D542D-1722-4B26-8A39-4974968E9660} = {A2A09147-4E03-487F-BFCA-7EF3D5B0D496}
		{225342E9-4EA3-492D-8A62-BDDE65BA9638} = {A2A09147-4E03-487F-BFCA-7EF3D5B0D496}
		{1F8DB455-42EA-496E-9C2A-98C89313C921} = {225342E9-4EA3-492D-8A62-BDDE65BA9638}
		{82DF7AE8-5F0D-40AE-8AE3-9EB4EE4CF5D2} = {225342E9-4EA3-492D-8A62-BDDE65BA9638}
		{08705959-999C-4E1E-9D12-442002B43E2F} = {A2A09147-4E03-487F-BFCA-7EF3D5B0D496}
		{EE67428F-6637-485B-9140-0E096F012A35} = {08705959-999C-4E1E-9D12-442002B43E2F}
		{4E7C8ECA-A196-4C44-AE5E-40E08649AAF4} = {08705959-999C-4E1E-9D12-442002B43E2F}
		{F5AC1C1B-003C-46B6-9B48-FD13AC242A4F} = {A2A09147-4E03-487F-BFCA-7EF3D5B0D496}
		{174F8F8D-F511-48D3-8025-B3AEAD7D8970} = {A2A09147-4E03-487F-BFCA-7EF3D5B0D496}
	EndGlobalSection
	GlobalSection(ExtensibilityGlobals) = postSolution
		SolutionGuid = {6FC37077-649A-4213-B682-BFE816215A09}
	EndGlobalSection
EndGlobal
